{
  "name": "logic",
  "version": "1.0.0",
  "lockfileVersion": 3,
  "requires": true,
  "packages": {
    "": {
      "name": "logic",
      "version": "1.0.0",
      "license": "ISC",
      "dependencies": {
        "@bytecodealliance/componentize-js": "^0.8.3",
        "@bytecodealliance/jco": "^1.1.1",
        "assemblyscript": "^0.27.26"
      }
    },
    "node_modules/@bytecodealliance/componentize-js": {
      "version": "0.8.3",
      "resolved": "https://registry.npmjs.org/@bytecodealliance/componentize-js/-/componentize-js-0.8.3.tgz",
      "integrity": "sha512-QyEHRtVg/Cg6RsA75AvRSbSOr0u+FLuXqB89X4Sys44K/VT5g/S9eMn8gqTotfuXVU3btS3Z4QAiyHSF2bja3w==",
      "dependencies": {
        "@bytecodealliance/jco": "1.1.1",
        "@bytecodealliance/wizer": "^3.0.1",
        "es-module-lexer": "^1.4.1"
      }
    },
    "node_modules/@bytecodealliance/jco": {
      "version": "1.1.1",
      "resolved": "https://registry.npmjs.org/@bytecodealliance/jco/-/jco-1.1.1.tgz",
      "integrity": "sha512-s8Zz6GFPlo2g+dsGp1OMIWXSZnM4FyIloxNAc4grF5TZwFoD00Gj8b0xvpmFSeZj36X/bJPa7x3za3j7Cfeetw==",
      "dependencies": {
        "@bytecodealliance/preview2-shim": "^0.16.1",
        "binaryen": "^116.0.0",
        "chalk-template": "^1",
        "commander": "^12",
        "mkdirp": "^3",
        "ora": "^8",
        "terser": "^5"
      },
      "bin": {
        "jco": "src/jco.js"
      }
    },
    "node_modules/@bytecodealliance/jco/node_modules/binaryen": {
      "version": "116.0.0",
      "resolved": "https://registry.npmjs.org/binaryen/-/binaryen-116.0.0.tgz",
      "integrity": "sha512-Hp0dXC6Cb/rTwWEoUS2BRghObE7g/S9umKtxuTDt3f61G6fNTE/YVew/ezyy3IdHcLx3f17qfh6LwETgCfvWkQ==",
      "bin": {
        "wasm-opt": "bin/wasm-opt",
        "wasm2js": "bin/wasm2js"
      }
    },
    "node_modules/@bytecodealliance/jco/node_modules/mkdirp": {
      "version": "3.0.1",
      "resolved": "https://registry.npmjs.org/mkdirp/-/mkdirp-3.0.1.tgz",
      "integrity": "sha512-+NsyUUAZDmo6YVHzL/stxSu3t9YS1iljliy3BSDrXJ/dkn1KYdmtZODGGjLcc9XLgVVpH4KshHB8XmZgMhaBXg==",
      "bin": {
        "mkdirp": "dist/cjs/src/bin.js"
      },
      "engines": {
        "node": ">=10"
      },
      "funding": {
        "url": "https://github.com/sponsors/isaacs"
      }
    },
    "node_modules/@bytecodealliance/preview2-shim": {
      "version": "0.16.1",
      "resolved": "https://registry.npmjs.org/@bytecodealliance/preview2-shim/-/preview2-shim-0.16.1.tgz",
      "integrity": "sha512-KEzFY1/fSBF0cpUNbG9MdnPNc0gxinBm42HRA9+ENfsticSDjE845bh7Mun0UDD7ga/uWX061qZsfpBXUGEAfg=="
    },
    "node_modules/@bytecodealliance/wizer": {
      "version": "3.0.1",
      "resolved": "https://registry.npmjs.org/@bytecodealliance/wizer/-/wizer-3.0.1.tgz",
      "integrity": "sha512-f0NBiBHCNBkbFHTPRbA7aKf/t4KyNhi2KvSqw3QzCgi8wFF/uLZ0dhejj93rbiKO/iwWbmU7v9K3SVkW81mcjQ==",
      "bin": {
        "wizer": "wizer.js"
      },
      "engines": {
        "node": ">=16"
      },
      "optionalDependencies": {
        "@bytecodealliance/wizer-darwin-arm64": "3.0.1",
        "@bytecodealliance/wizer-darwin-x64": "3.0.1",
        "@bytecodealliance/wizer-linux-arm64": "3.0.1",
        "@bytecodealliance/wizer-linux-s390x": "3.0.1",
        "@bytecodealliance/wizer-linux-x64": "3.0.1",
        "@bytecodealliance/wizer-win32-x64": "3.0.1"
      }
    },
    "node_modules/@bytecodealliance/wizer-darwin-arm64": {
      "version": "3.0.1",
      "resolved": "https://registry.npmjs.org/@bytecodealliance/wizer-darwin-arm64/-/wizer-darwin-arm64-3.0.1.tgz",
      "integrity": "sha512-/8KYSajyhO9koAE3qQhYfC6belZheJw9X3XqW7hrizTpj6n4z4OJFhhqwJmiYFUUsPtC7OxcXMFFPbTuSQPBcw==",
      "cpu": [
        "arm64"
      ],
      "optional": true,
      "os": [
        "darwin"
      ],
      "bin": {
        "wizer-darwin-arm64": "wizer"
      }
    },
    "node_modules/@jridgewell/gen-mapping": {
      "version": "0.3.5",
      "resolved": "https://registry.npmjs.org/@jridgewell/gen-mapping/-/gen-mapping-0.3.5.tgz",
      "integrity": "sha512-IzL8ZoEDIBRWEzlCcRhOaCupYyN5gdIK+Q6fbFdPDg6HqX6jpkItn7DFIpW9LQzXG6Df9sA7+OKnq0qlz/GaQg==",
      "dependencies": {
        "@jridgewell/set-array": "^1.2.1",
        "@jridgewell/sourcemap-codec": "^1.4.10",
        "@jridgewell/trace-mapping": "^0.3.24"
      },
      "engines": {
        "node": ">=6.0.0"
      }
    },
    "node_modules/@jridgewell/resolve-uri": {
      "version": "3.1.2",
      "resolved": "https://registry.npmjs.org/@jridgewell/resolve-uri/-/resolve-uri-3.1.2.tgz",
      "integrity": "sha512-bRISgCIjP20/tbWSPWMEi54QVPRZExkuD9lJL+UIxUKtwVJA8wW1Trb1jMs1RFXo1CBTNZ/5hpC9QvmKWdopKw==",
      "engines": {
        "node": ">=6.0.0"
      }
    },
    "node_modules/@jridgewell/set-array": {
      "version": "1.2.1",
      "resolved": "https://registry.npmjs.org/@jridgewell/set-array/-/set-array-1.2.1.tgz",
      "integrity": "sha512-R8gLRTZeyp03ymzP/6Lil/28tGeGEzhx1q2k703KGWRAI1VdvPIXdG70VJc2pAMw3NA6JKL5hhFu1sJX0Mnn/A==",
      "engines": {
        "node": ">=6.0.0"
      }
    },
    "node_modules/@jridgewell/source-map": {
      "version": "0.3.6",
      "resolved": "https://registry.npmjs.org/@jridgewell/source-map/-/source-map-0.3.6.tgz",
      "integrity": "sha512-1ZJTZebgqllO79ue2bm3rIGud/bOe0pP5BjSRCRxxYkEZS8STV7zN84UBbiYu7jy+eCKSnVIUgoWWE/tt+shMQ==",
      "dependencies": {
        "@jridgewell/gen-mapping": "^0.3.5",
        "@jridgewell/trace-mapping": "^0.3.25"
      }
    },
    "node_modules/@jridgewell/sourcemap-codec": {
      "version": "1.4.15",
      "resolved": "https://registry.npmjs.org/@jridgewell/sourcemap-codec/-/sourcemap-codec-1.4.15.tgz",
      "integrity": "sha512-eF2rxCRulEKXHTRiDrDy6erMYWqNw4LPdQ8UQA4huuxaQsVeRPFl2oM8oDGxMFhJUWZf9McpLtJasDDZb/Bpeg=="
    },
    "node_modules/@jridgewell/trace-mapping": {
      "version": "0.3.25",
      "resolved": "https://registry.npmjs.org/@jridgewell/trace-mapping/-/trace-mapping-0.3.25.tgz",
      "integrity": "sha512-vNk6aEwybGtawWmy/PzwnGDOjCkLWSD2wqvjGGAgOAwCGWySYXfYoxt00IJkTF+8Lb57DwOb3Aa0o9CApepiYQ==",
      "dependencies": {
        "@jridgewell/resolve-uri": "^3.1.0",
        "@jridgewell/sourcemap-codec": "^1.4.14"
      }
    },
    "node_modules/acorn": {
      "version": "8.11.3",
      "resolved": "https://registry.npmjs.org/acorn/-/acorn-8.11.3.tgz",
      "integrity": "sha512-Y9rRfJG5jcKOE0CLisYbojUjIrIEE7AGMzA/Sm4BslANhbS+cDMpgBdcPT91oJ7OuJ9hYJBx59RjbhxVnrF8Xg==",
      "bin": {
        "acorn": "bin/acorn"
      },
      "engines": {
        "node": ">=0.4.0"
      }
    },
    "node_modules/ansi-regex": {
      "version": "6.0.1",
      "resolved": "https://registry.npmjs.org/ansi-regex/-/ansi-regex-6.0.1.tgz",
      "integrity": "sha512-n5M855fKb2SsfMIiFFoVrABHJC8QtHwVx+mHWP3QcEqBHYienj5dHSgjbxtC0WEZXYt4wcD6zrQElDPhFuZgfA==",
      "engines": {
        "node": ">=12"
      },
      "funding": {
        "url": "https://github.com/chalk/ansi-regex?sponsor=1"
      }
    },
    "node_modules/ansi-styles": {
      "version": "4.3.0",
      "resolved": "https://registry.npmjs.org/ansi-styles/-/ansi-styles-4.3.0.tgz",
      "integrity": "sha512-zbB9rCJAT1rbjiVDb2hqKFHNYLxgtk8NURxZ3IZwD3F6NtxbXZQCnnSi1Lkx+IDohdPlFp222wVALIheZJQSEg==",
      "dependencies": {
        "color-convert": "^2.0.1"
      },
      "engines": {
        "node": ">=8"
      },
      "funding": {
        "url": "https://github.com/chalk/ansi-styles?sponsor=1"
      }
    },
    "node_modules/assemblyscript": {
      "version": "0.27.26",
      "resolved": "https://registry.npmjs.org/assemblyscript/-/assemblyscript-0.27.26.tgz",
      "integrity": "sha512-1Fn3r45s+F0zgOSTp2Hbw8+XTot/aNdzRToY+9peuWHAcQXRzlZZborBXcqkypYYvNvEa1etNxhlkqQ2oWZhNg==",
      "dependencies": {
        "binaryen": "116.0.0-nightly.20240114",
        "long": "^5.2.1"
      },
      "bin": {
        "asc": "bin/asc.js",
        "asinit": "bin/asinit.js"
      },
      "engines": {
        "node": ">=16",
        "npm": ">=7"
      },
      "funding": {
        "type": "opencollective",
        "url": "https://opencollective.com/assemblyscript"
      }
    },
    "node_modules/async": {
      "version": "2.6.4",
      "resolved": "https://registry.npmjs.org/async/-/async-2.6.4.tgz",
      "integrity": "sha512-mzo5dfJYwAn29PeiJ0zvwTo04zj8HDJj0Mn8TD7sno7q12prdbnasKJHhkm2c1LgrhlJ0teaea8860oxi51mGA==",
      "dependencies": {
        "lodash": "^4.17.14"
      }
    },
    "node_modules/basic-auth": {
      "version": "2.0.1",
      "resolved": "https://registry.npmjs.org/basic-auth/-/basic-auth-2.0.1.tgz",
      "integrity": "sha512-NF+epuEdnUYVlGuhaxbbq+dvJttwLnGY+YixlXlME5KpQ5W3CnXA5cVTneY3SPbPDRkcjMbifrwmFYcClgOZeg==",
      "dependencies": {
        "safe-buffer": "5.1.2"
      },
      "engines": {
        "node": ">= 0.8"
      }
    },
    "node_modules/binaryen": {
      "version": "116.0.0-nightly.20240114",
      "resolved": "https://registry.npmjs.org/binaryen/-/binaryen-116.0.0-nightly.20240114.tgz",
      "integrity": "sha512-0GZrojJnuhoe+hiwji7QFaL3tBlJoA+KFUN7ouYSDGZLSo9CKM8swQX8n/UcbR0d1VuZKU+nhogNzv423JEu5A==",
      "bin": {
        "wasm-opt": "bin/wasm-opt",
        "wasm2js": "bin/wasm2js"
      }
    },
    "node_modules/buffer-from": {
      "version": "1.1.2",
      "resolved": "https://registry.npmjs.org/buffer-from/-/buffer-from-1.1.2.tgz",
      "integrity": "sha512-E+XQCRwSbaaiChtv6k6Dwgc+bx+Bs6vuKJHHl5kox/BaKbhiXzqQOwK4cO22yElGp2OCmjwVhT3HmxgyPGnJfQ=="
    },
    "node_modules/call-bind": {
      "version": "1.0.7",
      "resolved": "https://registry.npmjs.org/call-bind/-/call-bind-1.0.7.tgz",
      "integrity": "sha512-GHTSNSYICQ7scH7sZ+M2rFopRoLh8t2bLSW6BbgrtLsahOIB5iyAVJf9GjWK3cYTDaMj4XdBpM1cA6pIS0Kv2w==",
      "dependencies": {
        "es-define-property": "^1.0.0",
        "es-errors": "^1.3.0",
        "function-bind": "^1.1.2",
        "get-intrinsic": "^1.2.4",
        "set-function-length": "^1.2.1"
      },
      "engines": {
        "node": ">= 0.4"
      },
      "funding": {
        "url": "https://github.com/sponsors/ljharb"
      }
    },
    "node_modules/chalk": {
      "version": "4.1.2",
      "resolved": "https://registry.npmjs.org/chalk/-/chalk-4.1.2.tgz",
      "integrity": "sha512-oKnbhFyRIXpUuez8iBMmyEa4nbj4IOQyuhc/wy9kY7/WVPcwIO9VA668Pu8RkO7+0G76SLROeyw9CpQ061i4mA==",
      "dependencies": {
        "ansi-styles": "^4.1.0",
        "supports-color": "^7.1.0"
      },
      "engines": {
        "node": ">=10"
      },
      "funding": {
        "url": "https://github.com/chalk/chalk?sponsor=1"
      }
    },
    "node_modules/chalk-template": {
      "version": "1.1.0",
      "resolved": "https://registry.npmjs.org/chalk-template/-/chalk-template-1.1.0.tgz",
      "integrity": "sha512-T2VJbcDuZQ0Tb2EWwSotMPJjgpy1/tGee1BTpUNsGZ/qgNjV2t7Mvu+d4600U564nbLesN1x2dPL+xii174Ekg==",
      "dependencies": {
        "chalk": "^5.2.0"
      },
      "engines": {
        "node": ">=14.16"
      },
      "funding": {
        "url": "https://github.com/chalk/chalk-template?sponsor=1"
      }
    },
    "node_modules/chalk-template/node_modules/chalk": {
      "version": "5.3.0",
      "resolved": "https://registry.npmjs.org/chalk/-/chalk-5.3.0.tgz",
      "integrity": "sha512-dLitG79d+GV1Nb/VYcCDFivJeK1hiukt9QjRNVOsUtTy1rR1YJsmpGGTZ3qJos+uw7WmWF4wUwBd9jxjocFC2w==",
      "engines": {
        "node": "^12.17.0 || ^14.13 || >=16.0.0"
      },
      "funding": {
        "url": "https://github.com/chalk/chalk?sponsor=1"
      }
    },
    "node_modules/cli-cursor": {
      "version": "4.0.0",
      "resolved": "https://registry.npmjs.org/cli-cursor/-/cli-cursor-4.0.0.tgz",
      "integrity": "sha512-VGtlMu3x/4DOtIUwEkRezxUZ2lBacNJCHash0N0WeZDBS+7Ux1dm3XWAgWYxLJFMMdOeXMHXorshEFhbMSGelg==",
      "dependencies": {
        "restore-cursor": "^4.0.0"
      },
      "engines": {
        "node": "^12.20.0 || ^14.13.1 || >=16.0.0"
      },
      "funding": {
        "url": "https://github.com/sponsors/sindresorhus"
      }
    },
    "node_modules/cli-spinners": {
      "version": "2.9.2",
      "resolved": "https://registry.npmjs.org/cli-spinners/-/cli-spinners-2.9.2.tgz",
      "integrity": "sha512-ywqV+5MmyL4E7ybXgKys4DugZbX0FC6LnwrhjuykIjnK9k8OQacQ7axGKnjDXWNhns0xot3bZI5h55H8yo9cJg==",
      "engines": {
        "node": ">=6"
      },
      "funding": {
        "url": "https://github.com/sponsors/sindresorhus"
      }
    },
    "node_modules/color-convert": {
      "version": "2.0.1",
      "resolved": "https://registry.npmjs.org/color-convert/-/color-convert-2.0.1.tgz",
      "integrity": "sha512-RRECPsj7iu/xb5oKYcsFHSppFNnsj/52OVTRKb4zP5onXwVF3zVmmToNcOfGC+CRDpfK/U584fMg38ZHCaElKQ==",
      "dependencies": {
        "color-name": "~1.1.4"
      },
      "engines": {
        "node": ">=7.0.0"
      }
    },
    "node_modules/color-name": {
      "version": "1.1.4",
      "resolved": "https://registry.npmjs.org/color-name/-/color-name-1.1.4.tgz",
      "integrity": "sha512-dOy+3AuW3a2wNbZHIuMZpTcgjGuLU/uBL/ubcZF9OXbDo8ff4O8yVp5Bf0efS8uEoYo5q4Fx7dY9OgQGXgAsQA=="
    },
    "node_modules/commander": {
      "version": "12.0.0",
      "resolved": "https://registry.npmjs.org/commander/-/commander-12.0.0.tgz",
      "integrity": "sha512-MwVNWlYjDTtOjX5PiD7o5pK0UrFU/OYgcJfjjK4RaHZETNtjJqrZa9Y9ds88+A+f+d5lv+561eZ+yCKoS3gbAA==",
      "engines": {
        "node": ">=18"
      }
    },
    "node_modules/corser": {
      "version": "2.0.1",
      "resolved": "https://registry.npmjs.org/corser/-/corser-2.0.1.tgz",
      "integrity": "sha512-utCYNzRSQIZNPIcGZdQc92UVJYAhtGAteCFg0yRaFm8f0P+CPtyGyHXJcGXnffjCybUCEx3FQ2G7U3/o9eIkVQ==",
      "engines": {
        "node": ">= 0.4.0"
      }
    },
    "node_modules/debug": {
      "version": "3.2.7",
      "resolved": "https://registry.npmjs.org/debug/-/debug-3.2.7.tgz",
      "integrity": "sha512-CFjzYYAi4ThfiQvizrFQevTTXHtnCqWfe7x1AhgEscTz6ZbLbfoLRLPugTQyBth6f8ZERVUSyWHFD/7Wu4t1XQ==",
      "dependencies": {
        "ms": "^2.1.1"
      }
    },
    "node_modules/define-data-property": {
      "version": "1.1.4",
      "resolved": "https://registry.npmjs.org/define-data-property/-/define-data-property-1.1.4.tgz",
      "integrity": "sha512-rBMvIzlpA8v6E+SJZoo++HAYqsLrkg7MSfIinMPFhmkorw7X+dOXVJQs+QT69zGkzMyfDnIMN2Wid1+NbL3T+A==",
      "dependencies": {
        "es-define-property": "^1.0.0",
        "es-errors": "^1.3.0",
        "gopd": "^1.0.1"
      },
      "engines": {
        "node": ">= 0.4"
      },
      "funding": {
        "url": "https://github.com/sponsors/ljharb"
      }
    },
    "node_modules/emoji-regex": {
      "version": "10.3.0",
      "resolved": "https://registry.npmjs.org/emoji-regex/-/emoji-regex-10.3.0.tgz",
      "integrity": "sha512-QpLs9D9v9kArv4lfDEgg1X/gN5XLnf/A6l9cs8SPZLRZR3ZkY9+kwIQTxm+fsSej5UMYGE8fdoaZVIBlqG0XTw=="
    },
    "node_modules/es-define-property": {
      "version": "1.0.0",
      "resolved": "https://registry.npmjs.org/es-define-property/-/es-define-property-1.0.0.tgz",
      "integrity": "sha512-jxayLKShrEqqzJ0eumQbVhTYQM27CfT1T35+gCgDFoL82JLsXqTJ76zv6A0YLOgEnLUMvLzsDsGIrl8NFpT2gQ==",
      "dependencies": {
        "get-intrinsic": "^1.2.4"
      },
      "engines": {
        "node": ">= 0.4"
      }
    },
    "node_modules/es-errors": {
      "version": "1.3.0",
      "resolved": "https://registry.npmjs.org/es-errors/-/es-errors-1.3.0.tgz",
      "integrity": "sha512-Zf5H2Kxt2xjTvbJvP2ZWLEICxA6j+hAmMzIlypy4xcBg1vKVnx89Wy0GbS+kf5cwCVFFzdCFh2XSCFNULS6csw==",
      "engines": {
        "node": ">= 0.4"
      }
    },
    "node_modules/es-module-lexer": {
      "version": "1.5.0",
      "resolved": "https://registry.npmjs.org/es-module-lexer/-/es-module-lexer-1.5.0.tgz",
      "integrity": "sha512-pqrTKmwEIgafsYZAGw9kszYzmagcE/n4dbgwGWLEXg7J4QFJVQRBld8j3Q3GNez79jzxZshq0bcT962QHOghjw=="
    },
    "node_modules/eventemitter3": {
      "version": "4.0.7",
      "resolved": "https://registry.npmjs.org/eventemitter3/-/eventemitter3-4.0.7.tgz",
      "integrity": "sha512-8guHBZCwKnFhYdHr2ysuRWErTwhoN2X8XELRlrRwpmfeY2jjuUN4taQMsULKUVo1K4DvZl+0pgfyoysHxvmvEw=="
    },
    "node_modules/follow-redirects": {
      "version": "1.15.6",
      "resolved": "https://registry.npmjs.org/follow-redirects/-/follow-redirects-1.15.6.tgz",
      "integrity": "sha512-wWN62YITEaOpSK584EZXJafH1AGpO8RVgElfkuXbTOrPX4fIfOyEpW/CsiNd8JdYrAoOvafRTOEnvsO++qCqFA==",
      "funding": [
        {
          "type": "individual",
          "url": "https://github.com/sponsors/RubenVerborgh"
        }
      ],
      "engines": {
        "node": ">=4.0"
      },
      "peerDependenciesMeta": {
        "debug": {
          "optional": true
        }
      }
    },
    "node_modules/function-bind": {
      "version": "1.1.2",
      "resolved": "https://registry.npmjs.org/function-bind/-/function-bind-1.1.2.tgz",
      "integrity": "sha512-7XHNxH7qX9xG5mIwxkhumTox/MIRNcOgDrxWsMt2pAr23WHp6MrRlN7FBSFpCpr+oVO0F744iUgR82nJMfG2SA==",
      "funding": {
        "url": "https://github.com/sponsors/ljharb"
      }
    },
    "node_modules/get-east-asian-width": {
      "version": "1.2.0",
      "resolved": "https://registry.npmjs.org/get-east-asian-width/-/get-east-asian-width-1.2.0.tgz",
      "integrity": "sha512-2nk+7SIVb14QrgXFHcm84tD4bKQz0RxPuMT8Ag5KPOq7J5fEmAg0UbXdTOSHqNuHSU28k55qnceesxXRZGzKWA==",
      "engines": {
        "node": ">=18"
      },
      "funding": {
        "url": "https://github.com/sponsors/sindresorhus"
      }
    },
    "node_modules/get-intrinsic": {
      "version": "1.2.4",
      "resolved": "https://registry.npmjs.org/get-intrinsic/-/get-intrinsic-1.2.4.tgz",
      "integrity": "sha512-5uYhsJH8VJBTv7oslg4BznJYhDoRI6waYCxMmCdnTrcCrHA/fCFKoTFz2JKKE0HdDFUF7/oQuhzumXJK7paBRQ==",
      "dependencies": {
        "es-errors": "^1.3.0",
        "function-bind": "^1.1.2",
        "has-proto": "^1.0.1",
        "has-symbols": "^1.0.3",
        "hasown": "^2.0.0"
      },
      "engines": {
        "node": ">= 0.4"
      },
      "funding": {
        "url": "https://github.com/sponsors/ljharb"
      }
    },
    "node_modules/gopd": {
      "version": "1.0.1",
      "resolved": "https://registry.npmjs.org/gopd/-/gopd-1.0.1.tgz",
      "integrity": "sha512-d65bNlIadxvpb/A2abVdlqKqV563juRnZ1Wtk6s1sIR8uNsXR70xqIzVqxVf1eTqDunwT2MkczEeaezCKTZhwA==",
      "dependencies": {
        "get-intrinsic": "^1.1.3"
      },
      "funding": {
        "url": "https://github.com/sponsors/ljharb"
      }
    },
    "node_modules/has-flag": {
      "version": "4.0.0",
      "resolved": "https://registry.npmjs.org/has-flag/-/has-flag-4.0.0.tgz",
      "integrity": "sha512-EykJT/Q1KjTWctppgIAgfSO0tKVuZUjhgMr17kqTumMl6Afv3EISleU7qZUzoXDFTAHTDC4NOoG/ZxU3EvlMPQ==",
      "engines": {
        "node": ">=8"
      }
    },
    "node_modules/has-property-descriptors": {
      "version": "1.0.2",
      "resolved": "https://registry.npmjs.org/has-property-descriptors/-/has-property-descriptors-1.0.2.tgz",
      "integrity": "sha512-55JNKuIW+vq4Ke1BjOTjM2YctQIvCT7GFzHwmfZPGo5wnrgkid0YQtnAleFSqumZm4az3n2BS+erby5ipJdgrg==",
      "dependencies": {
        "es-define-property": "^1.0.0"
      },
      "funding": {
        "url": "https://github.com/sponsors/ljharb"
      }
    },
    "node_modules/has-proto": {
      "version": "1.0.3",
      "resolved": "https://registry.npmjs.org/has-proto/-/has-proto-1.0.3.tgz",
      "integrity": "sha512-SJ1amZAJUiZS+PhsVLf5tGydlaVB8EdFpaSO4gmiUKUOxk8qzn5AIy4ZeJUmh22znIdk/uMAUT2pl3FxzVUH+Q==",
      "engines": {
        "node": ">= 0.4"
      },
      "funding": {
        "url": "https://github.com/sponsors/ljharb"
      }
    },
    "node_modules/has-symbols": {
      "version": "1.0.3",
      "resolved": "https://registry.npmjs.org/has-symbols/-/has-symbols-1.0.3.tgz",
      "integrity": "sha512-l3LCuF6MgDNwTDKkdYGEihYjt5pRPbEg46rtlmnSPlUbgmB8LOIrKJbYYFBSbnPaJexMKtiPO8hmeRjRz2Td+A==",
      "engines": {
        "node": ">= 0.4"
      },
      "funding": {
        "url": "https://github.com/sponsors/ljharb"
      }
    },
    "node_modules/hasown": {
      "version": "2.0.2",
      "resolved": "https://registry.npmjs.org/hasown/-/hasown-2.0.2.tgz",
      "integrity": "sha512-0hJU9SCPvmMzIBdZFqNPXWa6dqh7WdH0cII9y+CyS8rG3nL48Bclra9HmKhVVUHyPWNH5Y7xDwAB7bfgSjkUMQ==",
      "dependencies": {
        "function-bind": "^1.1.2"
      },
      "engines": {
        "node": ">= 0.4"
      }
    },
    "node_modules/he": {
      "version": "1.2.0",
      "resolved": "https://registry.npmjs.org/he/-/he-1.2.0.tgz",
      "integrity": "sha512-F/1DnUGPopORZi0ni+CvrCgHQ5FyEAHRLSApuYWMmrbSwoN2Mn/7k+Gl38gJnR7yyDZk6WLXwiGod1JOWNDKGw==",
      "bin": {
        "he": "bin/he"
      }
    },
    "node_modules/html-encoding-sniffer": {
      "version": "3.0.0",
      "resolved": "https://registry.npmjs.org/html-encoding-sniffer/-/html-encoding-sniffer-3.0.0.tgz",
      "integrity": "sha512-oWv4T4yJ52iKrufjnyZPkrN0CH3QnrUqdB6In1g5Fe1mia8GmF36gnfNySxoZtxD5+NmYw1EElVXiBk93UeskA==",
      "dependencies": {
        "whatwg-encoding": "^2.0.0"
      },
      "engines": {
        "node": ">=12"
      }
    },
    "node_modules/http-proxy": {
      "version": "1.18.1",
      "resolved": "https://registry.npmjs.org/http-proxy/-/http-proxy-1.18.1.tgz",
      "integrity": "sha512-7mz/721AbnJwIVbnaSv1Cz3Am0ZLT/UBwkC92VlxhXv/k/BBQfM2fXElQNC27BVGr0uwUpplYPQM9LnaBMR5NQ==",
      "dependencies": {
        "eventemitter3": "^4.0.0",
        "follow-redirects": "^1.0.0",
        "requires-port": "^1.0.0"
      },
      "engines": {
        "node": ">=8.0.0"
      }
    },
    "node_modules/http-server": {
      "version": "14.1.1",
      "resolved": "https://registry.npmjs.org/http-server/-/http-server-14.1.1.tgz",
      "integrity": "sha512-+cbxadF40UXd9T01zUHgA+rlo2Bg1Srer4+B4NwIHdaGxAGGv59nYRnGGDJ9LBk7alpS0US+J+bLLdQOOkJq4A==",
      "dependencies": {
        "basic-auth": "^2.0.1",
        "chalk": "^4.1.2",
        "corser": "^2.0.1",
        "he": "^1.2.0",
        "html-encoding-sniffer": "^3.0.0",
        "http-proxy": "^1.18.1",
        "mime": "^1.6.0",
        "minimist": "^1.2.6",
        "opener": "^1.5.1",
        "portfinder": "^1.0.28",
        "secure-compare": "3.0.1",
        "union": "~0.5.0",
        "url-join": "^4.0.1"
      },
      "bin": {
        "http-server": "bin/http-server"
      },
      "engines": {
        "node": ">=12"
      }
    },
    "node_modules/iconv-lite": {
      "version": "0.6.3",
      "resolved": "https://registry.npmjs.org/iconv-lite/-/iconv-lite-0.6.3.tgz",
      "integrity": "sha512-4fCk79wshMdzMp2rH06qWrJE4iolqLhCUH+OiuIgU++RB0+94NlDL81atO7GX55uUKueo0txHNtvEyI6D7WdMw==",
      "dependencies": {
        "safer-buffer": ">= 2.1.2 < 3.0.0"
      },
      "engines": {
        "node": ">=0.10.0"
      }
    },
    "node_modules/is-interactive": {
      "version": "2.0.0",
      "resolved": "https://registry.npmjs.org/is-interactive/-/is-interactive-2.0.0.tgz",
      "integrity": "sha512-qP1vozQRI+BMOPcjFzrjXuQvdak2pHNUMZoeG2eRbiSqyvbEf/wQtEOTOX1guk6E3t36RkaqiSt8A/6YElNxLQ==",
      "engines": {
        "node": ">=12"
      },
      "funding": {
        "url": "https://github.com/sponsors/sindresorhus"
      }
    },
    "node_modules/is-unicode-supported": {
      "version": "2.0.0",
      "resolved": "https://registry.npmjs.org/is-unicode-supported/-/is-unicode-supported-2.0.0.tgz",
      "integrity": "sha512-FRdAyx5lusK1iHG0TWpVtk9+1i+GjrzRffhDg4ovQ7mcidMQ6mj+MhKPmvh7Xwyv5gIS06ns49CA7Sqg7lC22Q==",
      "engines": {
        "node": ">=18"
      },
      "funding": {
        "url": "https://github.com/sponsors/sindresorhus"
      }
    },
    "node_modules/lodash": {
      "version": "4.17.21",
      "resolved": "https://registry.npmjs.org/lodash/-/lodash-4.17.21.tgz",
      "integrity": "sha512-v2kDEe57lecTulaDIuNTPy3Ry4gLGJ6Z1O3vE1krgXZNrsQ+LFTGHVxVjcXPs17LhbZVGedAJv8XZ1tvj5FvSg=="
    },
    "node_modules/log-symbols": {
      "version": "6.0.0",
      "resolved": "https://registry.npmjs.org/log-symbols/-/log-symbols-6.0.0.tgz",
      "integrity": "sha512-i24m8rpwhmPIS4zscNzK6MSEhk0DUWa/8iYQWxhffV8jkI4Phvs3F+quL5xvS0gdQR0FyTCMMH33Y78dDTzzIw==",
      "dependencies": {
        "chalk": "^5.3.0",
        "is-unicode-supported": "^1.3.0"
      },
      "engines": {
        "node": ">=18"
      },
      "funding": {
        "url": "https://github.com/sponsors/sindresorhus"
      }
    },
    "node_modules/log-symbols/node_modules/chalk": {
      "version": "5.3.0",
      "resolved": "https://registry.npmjs.org/chalk/-/chalk-5.3.0.tgz",
      "integrity": "sha512-dLitG79d+GV1Nb/VYcCDFivJeK1hiukt9QjRNVOsUtTy1rR1YJsmpGGTZ3qJos+uw7WmWF4wUwBd9jxjocFC2w==",
      "engines": {
        "node": "^12.17.0 || ^14.13 || >=16.0.0"
      },
      "funding": {
        "url": "https://github.com/chalk/chalk?sponsor=1"
      }
    },
    "node_modules/log-symbols/node_modules/is-unicode-supported": {
      "version": "1.3.0",
      "resolved": "https://registry.npmjs.org/is-unicode-supported/-/is-unicode-supported-1.3.0.tgz",
      "integrity": "sha512-43r2mRvz+8JRIKnWJ+3j8JtjRKZ6GmjzfaE/qiBJnikNnYv/6bagRJ1kUhNk8R5EX/GkobD+r+sfxCPJsiKBLQ==",
      "engines": {
        "node": ">=12"
      },
      "funding": {
        "url": "https://github.com/sponsors/sindresorhus"
      }
    },
    "node_modules/long": {
      "version": "5.2.3",
      "resolved": "https://registry.npmjs.org/long/-/long-5.2.3.tgz",
      "integrity": "sha512-lcHwpNoggQTObv5apGNCTdJrO69eHOZMi4BNC+rTLER8iHAqGrUVeLh/irVIM7zTw2bOXA8T6uNPeujwOLg/2Q=="
    },
    "node_modules/mime": {
      "version": "1.6.0",
      "resolved": "https://registry.npmjs.org/mime/-/mime-1.6.0.tgz",
      "integrity": "sha512-x0Vn8spI+wuJ1O6S7gnbaQg8Pxh4NNHb7KSINmEWKiPE4RKOplvijn+NkmYmmRgP68mc70j2EbeTFRsrswaQeg==",
      "bin": {
        "mime": "cli.js"
      },
      "engines": {
        "node": ">=4"
      }
    },
    "node_modules/mimic-fn": {
      "version": "2.1.0",
      "resolved": "https://registry.npmjs.org/mimic-fn/-/mimic-fn-2.1.0.tgz",
      "integrity": "sha512-OqbOk5oEQeAZ8WXWydlu9HJjz9WVdEIvamMCcXmuqUYjTknH/sqsWvhQ3vgwKFRR1HpjvNBKQ37nbJgYzGqGcg==",
      "engines": {
        "node": ">=6"
      }
    },
    "node_modules/minimist": {
      "version": "1.2.8",
      "resolved": "https://registry.npmjs.org/minimist/-/minimist-1.2.8.tgz",
      "integrity": "sha512-2yyAR8qBkN3YuheJanUpWC5U3bb5osDywNB8RzDVlDwDHbocAJveqqj1u8+SVD7jkWT4yvsHCpWqqWqAxb0zCA==",
      "funding": {
        "url": "https://github.com/sponsors/ljharb"
      }
    },
    "node_modules/mkdirp": {
      "version": "0.5.6",
      "resolved": "https://registry.npmjs.org/mkdirp/-/mkdirp-0.5.6.tgz",
      "integrity": "sha512-FP+p8RB8OWpF3YZBCrP5gtADmtXApB5AMLn+vdyA+PyxCjrCs00mjyUozssO33cwDeT3wNGdLxJ5M//YqtHAJw==",
      "dependencies": {
        "minimist": "^1.2.6"
      },
      "bin": {
        "mkdirp": "bin/cmd.js"
      }
    },
    "node_modules/ms": {
      "version": "2.1.3",
      "resolved": "https://registry.npmjs.org/ms/-/ms-2.1.3.tgz",
      "integrity": "sha512-6FlzubTLZG3J2a/NVCAleEhjzq5oxgHyaCU9yYXvcLsvoVaHJq/s5xXI6/XXP6tz7R9xAOtHnSO/tXtF3WRTlA=="
    },
    "node_modules/object-inspect": {
      "version": "1.13.1",
      "resolved": "https://registry.npmjs.org/object-inspect/-/object-inspect-1.13.1.tgz",
      "integrity": "sha512-5qoj1RUiKOMsCCNLV1CBiPYE10sziTsnmNxkAI/rZhiD63CF7IqdFGC/XzjWjpSgLf0LxXX3bDFIh0E18f6UhQ==",
      "funding": {
        "url": "https://github.com/sponsors/ljharb"
      }
    },
    "node_modules/onetime": {
      "version": "5.1.2",
      "resolved": "https://registry.npmjs.org/onetime/-/onetime-5.1.2.tgz",
      "integrity": "sha512-kbpaSSGJTWdAY5KPVeMOKXSrPtr8C8C7wodJbcsd51jRnmD+GZu8Y0VoU6Dm5Z4vWr0Ig/1NKuWRKf7j5aaYSg==",
      "dependencies": {
        "mimic-fn": "^2.1.0"
      },
      "engines": {
        "node": ">=6"
      },
      "funding": {
        "url": "https://github.com/sponsors/sindresorhus"
      }
    },
    "node_modules/opener": {
      "version": "1.5.2",
      "resolved": "https://registry.npmjs.org/opener/-/opener-1.5.2.tgz",
      "integrity": "sha512-ur5UIdyw5Y7yEj9wLzhqXiy6GZ3Mwx0yGI+5sMn2r0N0v3cKJvUmFH5yPP+WXh9e0xfyzyJX95D8l088DNFj7A==",
      "bin": {
        "opener": "bin/opener-bin.js"
      }
    },
    "node_modules/ora": {
      "version": "8.0.1",
      "resolved": "https://registry.npmjs.org/ora/-/ora-8.0.1.tgz",
      "integrity": "sha512-ANIvzobt1rls2BDny5fWZ3ZVKyD6nscLvfFRpQgfWsythlcsVUC9kL0zq6j2Z5z9wwp1kd7wpsD/T9qNPVLCaQ==",
      "dependencies": {
        "chalk": "^5.3.0",
        "cli-cursor": "^4.0.0",
        "cli-spinners": "^2.9.2",
        "is-interactive": "^2.0.0",
        "is-unicode-supported": "^2.0.0",
        "log-symbols": "^6.0.0",
        "stdin-discarder": "^0.2.1",
        "string-width": "^7.0.0",
        "strip-ansi": "^7.1.0"
      },
      "engines": {
        "node": ">=18"
      },
      "funding": {
        "url": "https://github.com/sponsors/sindresorhus"
      }
    },
    "node_modules/ora/node_modules/chalk": {
      "version": "5.3.0",
      "resolved": "https://registry.npmjs.org/chalk/-/chalk-5.3.0.tgz",
      "integrity": "sha512-dLitG79d+GV1Nb/VYcCDFivJeK1hiukt9QjRNVOsUtTy1rR1YJsmpGGTZ3qJos+uw7WmWF4wUwBd9jxjocFC2w==",
      "engines": {
        "node": "^12.17.0 || ^14.13 || >=16.0.0"
      },
      "funding": {
        "url": "https://github.com/chalk/chalk?sponsor=1"
      }
    },
    "node_modules/portfinder": {
      "version": "1.0.32",
      "resolved": "https://registry.npmjs.org/portfinder/-/portfinder-1.0.32.tgz",
      "integrity": "sha512-on2ZJVVDXRADWE6jnQaX0ioEylzgBpQk8r55NE4wjXW1ZxO+BgDlY6DXwj20i0V8eB4SenDQ00WEaxfiIQPcxg==",
      "dependencies": {
        "async": "^2.6.4",
        "debug": "^3.2.7",
        "mkdirp": "^0.5.6"
      },
      "engines": {
        "node": ">= 0.12.0"
      }
    },
    "node_modules/qs": {
      "version": "6.12.0",
      "resolved": "https://registry.npmjs.org/qs/-/qs-6.12.0.tgz",
      "integrity": "sha512-trVZiI6RMOkO476zLGaBIzszOdFPnCCXHPG9kn0yuS1uz6xdVxPfZdB3vUig9pxPFDM9BRAgz/YUIVQ1/vuiUg==",
      "dependencies": {
        "side-channel": "^1.0.6"
      },
      "engines": {
        "node": ">=0.6"
      },
      "funding": {
        "url": "https://github.com/sponsors/ljharb"
      }
    },
    "node_modules/requires-port": {
      "version": "1.0.0",
      "resolved": "https://registry.npmjs.org/requires-port/-/requires-port-1.0.0.tgz",
      "integrity": "sha512-KigOCHcocU3XODJxsu8i/j8T9tzT4adHiecwORRQ0ZZFcp7ahwXuRU1m+yuO90C5ZUyGeGfocHDI14M3L3yDAQ=="
    },
    "node_modules/restore-cursor": {
      "version": "4.0.0",
      "resolved": "https://registry.npmjs.org/restore-cursor/-/restore-cursor-4.0.0.tgz",
      "integrity": "sha512-I9fPXU9geO9bHOt9pHHOhOkYerIMsmVaWB0rA2AI9ERh/+x/i7MV5HKBNrg+ljO5eoPVgCcnFuRjJ9uH6I/3eg==",
      "dependencies": {
        "onetime": "^5.1.0",
        "signal-exit": "^3.0.2"
      },
      "engines": {
        "node": "^12.20.0 || ^14.13.1 || >=16.0.0"
      },
      "funding": {
        "url": "https://github.com/sponsors/sindresorhus"
      }
    },
    "node_modules/safe-buffer": {
      "version": "5.1.2",
      "resolved": "https://registry.npmjs.org/safe-buffer/-/safe-buffer-5.1.2.tgz",
      "integrity": "sha512-Gd2UZBJDkXlY7GbJxfsE8/nvKkUEU1G38c1siN6QP6a9PT9MmHB8GnpscSmMJSoF8LOIrt8ud/wPtojys4G6+g=="
    },
    "node_modules/safer-buffer": {
      "version": "2.1.2",
      "resolved": "https://registry.npmjs.org/safer-buffer/-/safer-buffer-2.1.2.tgz",
      "integrity": "sha512-YZo3K82SD7Riyi0E1EQPojLz7kpepnSQI9IyPbHHg1XXXevb5dJI7tpyN2ADxGcQbHG7vcyRHk0cbwqcQriUtg=="
    },
    "node_modules/secure-compare": {
      "version": "3.0.1",
      "resolved": "https://registry.npmjs.org/secure-compare/-/secure-compare-3.0.1.tgz",
      "integrity": "sha512-AckIIV90rPDcBcglUwXPF3kg0P0qmPsPXAj6BBEENQE1p5yA1xfmDJzfi1Tappj37Pv2mVbKpL3Z1T+Nn7k1Qw=="
    },
    "node_modules/set-function-length": {
      "version": "1.2.2",
      "resolved": "https://registry.npmjs.org/set-function-length/-/set-function-length-1.2.2.tgz",
      "integrity": "sha512-pgRc4hJ4/sNjWCSS9AmnS40x3bNMDTknHgL5UaMBTMyJnU90EgWh1Rz+MC9eFu4BuN/UwZjKQuY/1v3rM7HMfg==",
      "dependencies": {
        "define-data-property": "^1.1.4",
        "es-errors": "^1.3.0",
        "function-bind": "^1.1.2",
        "get-intrinsic": "^1.2.4",
        "gopd": "^1.0.1",
        "has-property-descriptors": "^1.0.2"
      },
      "engines": {
        "node": ">= 0.4"
      }
    },
    "node_modules/side-channel": {
      "version": "1.0.6",
      "resolved": "https://registry.npmjs.org/side-channel/-/side-channel-1.0.6.tgz",
      "integrity": "sha512-fDW/EZ6Q9RiO8eFG8Hj+7u/oW+XrPTIChwCOM2+th2A6OblDtYYIpve9m+KvI9Z4C9qSEXlaGR6bTEYHReuglA==",
      "dependencies": {
        "call-bind": "^1.0.7",
        "es-errors": "^1.3.0",
        "get-intrinsic": "^1.2.4",
        "object-inspect": "^1.13.1"
      },
      "engines": {
        "node": ">= 0.4"
      },
      "funding": {
        "url": "https://github.com/sponsors/ljharb"
      }
    },
    "node_modules/signal-exit": {
      "version": "3.0.7",
      "resolved": "https://registry.npmjs.org/signal-exit/-/signal-exit-3.0.7.tgz",
      "integrity": "sha512-wnD2ZE+l+SPC/uoS0vXeE9L1+0wuaMqKlfz9AMUo38JsyLSBWSFcHR1Rri62LZc12vLr1gb3jl7iwQhgwpAbGQ=="
    },
    "node_modules/source-map": {
      "version": "0.6.1",
      "resolved": "https://registry.npmjs.org/source-map/-/source-map-0.6.1.tgz",
      "integrity": "sha512-UjgapumWlbMhkBgzT7Ykc5YXUT46F0iKu8SGXq0bcwP5dz/h0Plj6enJqjz1Zbq2l5WaqYnrVbwWOWMyF3F47g==",
      "engines": {
        "node": ">=0.10.0"
      }
    },
    "node_modules/source-map-support": {
      "version": "0.5.21",
      "resolved": "https://registry.npmjs.org/source-map-support/-/source-map-support-0.5.21.tgz",
      "integrity": "sha512-uBHU3L3czsIyYXKX88fdrGovxdSCoTGDRZ6SYXtSRxLZUzHg5P/66Ht6uoUlHu9EZod+inXhKo3qQgwXUT/y1w==",
      "dependencies": {
        "buffer-from": "^1.0.0",
        "source-map": "^0.6.0"
      }
    },
    "node_modules/stdin-discarder": {
      "version": "0.2.2",
      "resolved": "https://registry.npmjs.org/stdin-discarder/-/stdin-discarder-0.2.2.tgz",
      "integrity": "sha512-UhDfHmA92YAlNnCfhmq0VeNL5bDbiZGg7sZ2IvPsXubGkiNa9EC+tUTsjBRsYUAz87btI6/1wf4XoVvQ3uRnmQ==",
      "engines": {
        "node": ">=18"
      },
      "funding": {
        "url": "https://github.com/sponsors/sindresorhus"
      }
    },
    "node_modules/string-width": {
      "version": "7.1.0",
      "resolved": "https://registry.npmjs.org/string-width/-/string-width-7.1.0.tgz",
      "integrity": "sha512-SEIJCWiX7Kg4c129n48aDRwLbFb2LJmXXFrWBG4NGaRtMQ3myKPKbwrD1BKqQn74oCoNMBVrfDEr5M9YxCsrkw==",
      "dependencies": {
        "emoji-regex": "^10.3.0",
        "get-east-asian-width": "^1.0.0",
        "strip-ansi": "^7.1.0"
      },
      "engines": {
        "node": ">=18"
      },
      "funding": {
        "url": "https://github.com/sponsors/sindresorhus"
      }
    },
    "node_modules/strip-ansi": {
      "version": "7.1.0",
      "resolved": "https://registry.npmjs.org/strip-ansi/-/strip-ansi-7.1.0.tgz",
      "integrity": "sha512-iq6eVVI64nQQTRYq2KtEg2d2uU7LElhTJwsH4YzIHZshxlgZms/wIc4VoDQTlG/IvVIrBKG06CrZnp0qv7hkcQ==",
      "dependencies": {
        "ansi-regex": "^6.0.1"
      },
      "engines": {
        "node": ">=12"
      },
      "funding": {
        "url": "https://github.com/chalk/strip-ansi?sponsor=1"
      }
    },
    "node_modules/supports-color": {
      "version": "7.2.0",
      "resolved": "https://registry.npmjs.org/supports-color/-/supports-color-7.2.0.tgz",
      "integrity": "sha512-qpCAvRl9stuOHveKsn7HncJRvv501qIacKzQlO/+Lwxc9+0q2wLyv4Dfvt80/DPn2pqOBsJdDiogXGR9+OvwRw==",
      "dependencies": {
        "has-flag": "^4.0.0"
      },
      "engines": {
        "node": ">=8"
      }
    },
    "node_modules/terser": {
      "version": "5.30.3",
      "resolved": "https://registry.npmjs.org/terser/-/terser-5.30.3.tgz",
      "integrity": "sha512-STdUgOUx8rLbMGO9IOwHLpCqolkDITFFQSMYYwKE1N2lY6MVSaeoi10z/EhWxRc6ybqoVmKSkhKYH/XUpl7vSA==",
      "dependencies": {
        "@jridgewell/source-map": "^0.3.3",
        "acorn": "^8.8.2",
        "commander": "^2.20.0",
        "source-map-support": "~0.5.20"
      },
      "bin": {
        "terser": "bin/terser"
      },
      "engines": {
        "node": ">=10"
      }
    },
    "node_modules/terser/node_modules/commander": {
      "version": "2.20.3",
      "resolved": "https://registry.npmjs.org/commander/-/commander-2.20.3.tgz",
      "integrity": "sha512-GpVkmM8vF2vQUkj2LvZmD35JxeJOLCwJ9cUkugyk2nuhbv3+mJvpLYYt+0+USMxE+oj+ey/lJEnhZw75x/OMcQ=="
    },
    "node_modules/union": {
      "version": "0.5.0",
      "resolved": "https://registry.npmjs.org/union/-/union-0.5.0.tgz",
      "integrity": "sha512-N6uOhuW6zO95P3Mel2I2zMsbsanvvtgn6jVqJv4vbVcz/JN0OkL9suomjQGmWtxJQXOCqUJvquc1sMeNz/IwlA==",
      "dependencies": {
        "qs": "^6.4.0"
      },
      "engines": {
        "node": ">= 0.8.0"
      }
    },
    "node_modules/url-join": {
      "version": "4.0.1",
      "resolved": "https://registry.npmjs.org/url-join/-/url-join-4.0.1.tgz",
      "integrity": "sha512-jk1+QP6ZJqyOiuEI9AEWQfju/nB2Pw466kbA0LEZljHwKeMgd9WrAEgEGxjPDD2+TNbbb37rTyhEfrCXfuKXnA=="
    },
    "node_modules/whatwg-encoding": {
      "version": "2.0.0",
      "resolved": "https://registry.npmjs.org/whatwg-encoding/-/whatwg-encoding-2.0.0.tgz",
      "integrity": "sha512-p41ogyeMUrw3jWclHWTQg1k05DSVXPLcVxRTYsXUk+ZooOCZLcoYgPZ/HL/D/N+uQPOtcp1me1WhBEaX02mhWg==",
      "dependencies": {
        "iconv-lite": "0.6.3"
      },
      "engines": {
        "node": ">=12"
      }
    }
  }
}
